lockfileVersion: '9.0'

settings:
  autoInstallPeers: true
  excludeLinksFromLockfile: false

importers:

  .:
    devDependencies:
      '@prettier/plugin-oxc':
        specifier: 0.0.5
        version: 0.0.5
      lefthook:
        specifier: ^2.0.4
        version: 2.0.4
      prettier:
        specifier: 3.6.2
        version: 3.6.2
      prettier-plugin-curly:
        specifier: 0.4.0
        version: 0.4.0(prettier@3.6.2)

packages:

  '@emnapi/core@1.7.1':
    resolution: {integrity: sha512-o1uhUASyo921r2XtHYOHy7gdkGLge8ghBEQHMWmyJFoXlpU58kIrhhN3w26lpQb6dspetweapMn2CSNwQ8I4wg==}

  '@emnapi/runtime@1.7.1':
    resolution: {integrity: sha512-PVtJr5CmLwYAU9PZDMITZoR5iAOShYREoR45EyyLrbntV50mdePTgUn4AmOw90Ifcj+x2kRjdzr1HP3RrNiHGA==}

  '@emnapi/wasi-threads@1.1.0':
    resolution: {integrity: sha512-WI0DdZ8xFSbgMjR1sFsKABJ/C5OnRrjT06JXbZKexJGrDuPTzZdDYfFlsgcCXCyf+suG5QU2e/y1Wo2V/OapLQ==}

  '@napi-rs/wasm-runtime@1.0.7':
    resolution: {integrity: sha512-SeDnOO0Tk7Okiq6DbXmmBODgOAb9dp9gjlphokTUxmt8U3liIP1ZsozBahH69j/RJv+Rfs6IwUKHTgQYJ/HBAw==}

  '@oxc-parser/binding-android-arm64@0.97.0':
    resolution: {integrity: sha512-oLCGuX+1zqTIUjTfCxiZO/Ad4p4wo2MksBSpjdgOC7htyfIg/Se9PK2xU2jzSXlIyzBivwK6AJFqJpcbzJlmsQ==}
    engines: {node: ^20.19.0 || >=22.12.0}
    cpu: [arm64]
    os: [android]

  '@oxc-parser/binding-darwin-arm64@0.97.0':
    resolution: {integrity: sha512-Rg7Yy0ICS4HiF+/ZcmjB7h67YOw23Iw06ETHP+0UHQkNuecFew9aDycGG62ohCb1/+QC5uVTW9naR4F8L3FndQ==}
    engines: {node: ^20.19.0 || >=22.12.0}
    cpu: [arm64]
    os: [darwin]

  '@oxc-parser/binding-darwin-x64@0.97.0':
    resolution: {integrity: sha512-Kr2rgG7yEnv6ivreQtwKAetGeovfWMxsWzTPlM4BMkhI6jsj10BFN+tP5kUHrES66e7eaoFs0SNepHulCpofdw==}
    engines: {node: ^20.19.0 || >=22.12.0}
    cpu: [x64]
    os: [darwin]

  '@oxc-parser/binding-freebsd-x64@0.97.0':
    resolution: {integrity: sha512-kAWTFHVR3KLcYQ7oEpRQV+WtEAPWZODQ/FsIVGVNAjzIfm9myuiLh7Kys8Vh3QwATPCuPg1w7FGexIm/A1a1lQ==}
    engines: {node: ^20.19.0 || >=22.12.0}
    cpu: [x64]
    os: [freebsd]

  '@oxc-parser/binding-linux-arm-gnueabihf@0.97.0':
    resolution: {integrity: sha512-w4wYc5KRO6Mdxq9wXh6fAMuxB1LX7btj74+fTZG7/eP7ZiCTsxIM0GR4l7xQjRJOFd9rzlu7ZPq3LM7e9wmPTg==}
    engines: {node: ^20.19.0 || >=22.12.0}
    cpu: [arm]
    os: [linux]

  '@oxc-parser/binding-linux-arm-musleabihf@0.97.0':
    resolution: {integrity: sha512-DY+3aV2k9YyCRQ5/Zw83cG0xXvgnA6d31JSGfWkOAq9Aa22GeBE/NOzqqMw72HcxRKvYcJsCVpBwQaTICuBGIQ==}
    engines: {node: ^20.19.0 || >=22.12.0}
    cpu: [arm]
    os: [linux]

  '@oxc-parser/binding-linux-arm64-gnu@0.97.0':
    resolution: {integrity: sha512-4B/H4CSc8LZSBTzQHMHQbbZww8B1qaQO+1iBxeKYo1LBD5ZAUZwgYCyM1VUPgqEfUY358a1/Nhn4RIwAbnEFWw==}
    engines: {node: ^20.19.0 || >=22.12.0}
    cpu: [arm64]
    os: [linux]

  '@oxc-parser/binding-linux-arm64-musl@0.97.0':
    resolution: {integrity: sha512-Wg8ZPEXR3HHDlzvxqFH9XVc6xfnXaEjMmAuJ9priQmMin42O4B5TwvLmBNlW5Is30faKopGXiiH/Gjmcw/x4xg==}
    engines: {node: ^20.19.0 || >=22.12.0}
    cpu: [arm64]
    os: [linux]

  '@oxc-parser/binding-linux-riscv64-gnu@0.97.0':
    resolution: {integrity: sha512-OJNHq6KGPdOh+YVk67T3MfRzLIy9MDMZCzH1f+xgh+kKPWzC4RqlqDNuoyqYiIxjO6kAVZZUQYvx4XVSKluJxw==}
    engines: {node: ^20.19.0 || >=22.12.0}
    cpu: [riscv64]
    os: [linux]

  '@oxc-parser/binding-linux-s390x-gnu@0.97.0':
    resolution: {integrity: sha512-yZV1kKNzewd/lwWYBw6IRy7ckbduQsUt5LisM8NXt8T0Dg+jhkyy4y7M6X57/KyvT//vHCuRvpnwTr9lk1M9IA==}
    engines: {node: ^20.19.0 || >=22.12.0}
    cpu: [s390x]
    os: [linux]

  '@oxc-parser/binding-linux-x64-gnu@0.97.0':
    resolution: {integrity: sha512-Ck7cJMsZX19B0dvsl1v9a8VLeL9kEfUc0zMBjkgYmJfhVuINHcnZlQs8E5zTfD+dpP1wYzUhwgqv3o6hl9QaXA==}
    engines: {node: ^20.19.0 || >=22.12.0}
    cpu: [x64]
    os: [linux]

  '@oxc-parser/binding-linux-x64-musl@0.97.0':
    resolution: {integrity: sha512-COlEtnuyWfVjvylxhxoSd2HkAI85flvrQu3vGtt4Bm3+ZVdteFCNQskk3q8XfD0Cs+FdtnvDMbhApHyFKaEfsQ==}
    engines: {node: ^20.19.0 || >=22.12.0}
    cpu: [x64]
    os: [linux]

  '@oxc-parser/binding-wasm32-wasi@0.97.0':
    resolution: {integrity: sha512-5Rt1uEe1VTw6aUluz8/nBNUbyCVGzwMJbXvPv+b4So+mFlkL+X2cTHb9LH8hcBgJ2TDITLT32J2TcV8Q8EPaKw==}
    engines: {node: '>=14.0.0'}
    cpu: [wasm32]

  '@oxc-parser/binding-win32-arm64-msvc@0.97.0':
    resolution: {integrity: sha512-e2HDWO997STh7gADYJcjrZ+Fh5cSF8fwT6rRchNoV/hSwbJSC6ZpYFFFQEw2qZ2qyMeTmqQ6QVf7T9oKV18UXg==}
    engines: {node: ^20.19.0 || >=22.12.0}
    cpu: [arm64]
    os: [win32]

  '@oxc-parser/binding-win32-x64-msvc@0.97.0':
    resolution: {integrity: sha512-DQ92RUXw67ynu6fUzlFN/gr/rN3nxEQ35AC3EJYAgNKy/GFFJbNKGwFxGnmooje29XhBwibaRdxDs1OIgZBHvQ==}
    engines: {node: ^20.19.0 || >=22.12.0}
    cpu: [x64]
    os: [win32]

  '@oxc-project/types@0.97.0':
    resolution: {integrity: sha512-lxmZK4xFrdvU0yZiDwgVQTCvh2gHWBJCBk5ALsrtsBWhs0uDIi+FTOnXRQeQfs304imdvTdaakT/lqwQ8hkOXQ==}

  '@prettier/plugin-oxc@0.0.5':
    resolution: {integrity: sha512-A0uIVkwFrEFQJCU/Wpga6pS5t8UQDdVGB+5e7pVMtlPRw69KDmlozcAoLggwdp3FoVpzNGhngMmgfiE8KLs+BA==}
    engines: {node: '>=14'}

  '@tybys/wasm-util@0.10.1':
    resolution: {integrity: sha512-9tTaPJLSiejZKx+Bmog4uSubteqTvFrVrURwkmHixBo0G4seD0zUxp98E1DzUBJxLQ3NPwXrGKDiVjwx/DpPsg==}

  lefthook-darwin-arm64@2.0.4:
    resolution: {integrity: sha512-AR63/O5UkM7Sc6x5PhP4vTuztTYRBeBroXApeWGM/8e5uZyoQug/7KTh7xhbCMDf8WJv6vdFeXAQCPSmDyPU3Q==}
    cpu: [arm64]
    os: [darwin]

  lefthook-darwin-x64@2.0.4:
    resolution: {integrity: sha512-618DVUttSzV9egQiqTQoxGfnR240JoPWYmqRVHhiegnQKZ2lp5XJ+7NMxeRk/ih93VVOLzFO5ky3PbpxTmJgjQ==}
    cpu: [x64]
    os: [darwin]

  lefthook-freebsd-arm64@2.0.4:
    resolution: {integrity: sha512-mTAQym1BK38fKglHBQ/0GXPznVC4LoStHO5lAI3ZxaEC0FQetqGHYFzhWbIH5sde9JhztE2rL/aBzMHDoAtzSw==}
    cpu: [arm64]
    os: [freebsd]

  lefthook-freebsd-x64@2.0.4:
    resolution: {integrity: sha512-sy02aSxd8UMd6XmiPFVl/Em0b78jdZcDSsLwg+bweJQQk0l+vJhOfqFiG11mbnpo+EBIZmRe6OH5LkxeSU36+w==}
    cpu: [x64]
    os: [freebsd]

  lefthook-linux-arm64@2.0.4:
    resolution: {integrity: sha512-W0Nlr/Cz2QTH9n4k5zNrk3LSsg1C4wHiJi8hrAiQVTaAV/N1XrKqd0DevqQuouuapG6pw/6B1xCgiNPebv9oyw==}
    cpu: [arm64]
    os: [linux]

  lefthook-linux-x64@2.0.4:
    resolution: {integrity: sha512-N6ySVCtB/DrOZ1ZgPL8WBZTgtoVHvcPKI+LV5wbcGrvA/dzDZFvniadrbDWZg7Tm705efiQzyENjwhhqNkwiww==}
    cpu: [x64]
    os: [linux]

  lefthook-openbsd-arm64@2.0.4:
    resolution: {integrity: sha512-VmOhJO3pYzZ/1C2WFXtL/n5pq4/eYOroqJJpwTJfmCHyw4ceLACu8MDyU5AMJhGMkbL8mPxGInJKxg5xhYgGRw==}
    cpu: [arm64]
    os: [openbsd]

  lefthook-openbsd-x64@2.0.4:
    resolution: {integrity: sha512-U8MZz1xlHUdflkQQ2hkMQsei6fSZbs8tuE4EjCIHWnNdnAF4V8sZ6n1KbxsJcoZXPyBZqxZSMu1o/Ye8IAMVKg==}
    cpu: [x64]
    os: [openbsd]

  lefthook-windows-arm64@2.0.4:
    resolution: {integrity: sha512-543H3y2JAwNdvwUQ6nlNBG7rdKgoOUgzAa6pYcl6EoqicCRrjRmGhkJu7vUudkkrD2Wjm7tr9hU9poP2g5fRFQ==}
    cpu: [arm64]
    os: [win32]

  lefthook-windows-x64@2.0.4:
    resolution: {integrity: sha512-UDEPK9RWKm60xsNOdS/DQOdFba0SFa4w3tpFMXK1AJzmRHhosoKrorXGhtTr6kcM0MGKOtYi8GHsm++ArZ9wvQ==}
    cpu: [x64]
    os: [win32]

  lefthook@2.0.4:
    resolution: {integrity: sha512-GNCU2vQWM/UWjiEF23601aILi1aMbPke6viortH7wIO/oVGOCW0H6FdLez4XZDyqnHL9XkTnd0BBVrBbYVMLpA==}
    hasBin: true

  oxc-parser@0.97.0:
    resolution: {integrity: sha512-gxUfidyxJY97BJ+JEN/PxiIxIU1Y1FAPyMTncgNymgd/Cb+TYprsXZqjVnVCmTUlIBoA1XVjbfP0+Iz+uAt7Ow==}
    engines: {node: ^20.19.0 || >=22.12.0}

  prettier-plugin-curly@0.4.0:
    resolution: {integrity: sha512-URhXSCdeYs+hWFyFS5NDrRBarFU5RV7X9C00LuUKmjFDqD2wxJJWZU+wmkgN50jyn97TWgqI2XrE6rX2AdGgZg==}
    engines: {node: '>=18'}
    peerDependencies:
      prettier: ^2 || ^3

  prettier@3.6.2:
    resolution: {integrity: sha512-I7AIg5boAr5R0FFtJ6rCfD+LFsWHp81dolrFD8S79U9tb8Az2nGrJncnMSnys+bpQJfRUzqs9hnA81OAA3hCuQ==}
    engines: {node: '>=14'}
    hasBin: true

  tslib@2.8.1:
    resolution: {integrity: sha512-oJFu94HQb+KVduSUQL7wnpmqnfmLsOA/nAh6b6EH0wCEoK0/mPeXU6c3wKDV83MkOuHPRHtSXKKU99IBazS/2w==}

snapshots:

  '@emnapi/core@1.7.1':
    dependencies:
      '@emnapi/wasi-threads': 1.1.0
      tslib: 2.8.1
    optional: true

  '@emnapi/runtime@1.7.1':
    dependencies:
      tslib: 2.8.1
    optional: true

  '@emnapi/wasi-threads@1.1.0':
    dependencies:
      tslib: 2.8.1
    optional: true

  '@napi-rs/wasm-runtime@1.0.7':
    dependencies:
      '@emnapi/core': 1.7.1
      '@emnapi/runtime': 1.7.1
      '@tybys/wasm-util': 0.10.1
    optional: true

  '@oxc-parser/binding-android-arm64@0.97.0':
    optional: true

  '@oxc-parser/binding-darwin-arm64@0.97.0':
    optional: true

  '@oxc-parser/binding-darwin-x64@0.97.0':
    optional: true

  '@oxc-parser/binding-freebsd-x64@0.97.0':
    optional: true

  '@oxc-parser/binding-linux-arm-gnueabihf@0.97.0':
    optional: true

  '@oxc-parser/binding-linux-arm-musleabihf@0.97.0':
    optional: true

  '@oxc-parser/binding-linux-arm64-gnu@0.97.0':
    optional: true

  '@oxc-parser/binding-linux-arm64-musl@0.97.0':
    optional: true

  '@oxc-parser/binding-linux-riscv64-gnu@0.97.0':
    optional: true

  '@oxc-parser/binding-linux-s390x-gnu@0.97.0':
    optional: true

  '@oxc-parser/binding-linux-x64-gnu@0.97.0':
    optional: true

  '@oxc-parser/binding-linux-x64-musl@0.97.0':
    optional: true

  '@oxc-parser/binding-wasm32-wasi@0.97.0':
    dependencies:
      '@napi-rs/wasm-runtime': 1.0.7
    optional: true

  '@oxc-parser/binding-win32-arm64-msvc@0.97.0':
    optional: true

  '@oxc-parser/binding-win32-x64-msvc@0.97.0':
    optional: true

  '@oxc-project/types@0.97.0': {}

  '@prettier/plugin-oxc@0.0.5':
    dependencies:
      oxc-parser: 0.97.0

  '@tybys/wasm-util@0.10.1':
    dependencies:
      tslib: 2.8.1
    optional: true

  lefthook-darwin-arm64@2.0.4:
    optional: true

  lefthook-darwin-x64@2.0.4:
    optional: true

  lefthook-freebsd-arm64@2.0.4:
    optional: true

  lefthook-freebsd-x64@2.0.4:
    optional: true

  lefthook-linux-arm64@2.0.4:
    optional: true

  lefthook-linux-x64@2.0.4:
    optional: true

  lefthook-openbsd-arm64@2.0.4:
    optional: true

  lefthook-openbsd-x64@2.0.4:
    optional: true

  lefthook-windows-arm64@2.0.4:
    optional: true

  lefthook-windows-x64@2.0.4:
    optional: true

  lefthook@2.0.4:
    optionalDependencies:
      lefthook-darwin-arm64: 2.0.4
      lefthook-darwin-x64: 2.0.4
      lefthook-freebsd-arm64: 2.0.4
      lefthook-freebsd-x64: 2.0.4
      lefthook-linux-arm64: 2.0.4
      lefthook-linux-x64: 2.0.4
      lefthook-openbsd-arm64: 2.0.4
      lefthook-openbsd-x64: 2.0.4
      lefthook-windows-arm64: 2.0.4
      lefthook-windows-x64: 2.0.4

  oxc-parser@0.97.0:
    dependencies:
      '@oxc-project/types': 0.97.0
    optionalDependencies:
      '@oxc-parser/binding-android-arm64': 0.97.0
      '@oxc-parser/binding-darwin-arm64': 0.97.0
      '@oxc-parser/binding-darwin-x64': 0.97.0
      '@oxc-parser/binding-freebsd-x64': 0.97.0
      '@oxc-parser/binding-linux-arm-gnueabihf': 0.97.0
      '@oxc-parser/binding-linux-arm-musleabihf': 0.97.0
      '@oxc-parser/binding-linux-arm64-gnu': 0.97.0
      '@oxc-parser/binding-linux-arm64-musl': 0.97.0
      '@oxc-parser/binding-linux-riscv64-gnu': 0.97.0
      '@oxc-parser/binding-linux-s390x-gnu': 0.97.0
      '@oxc-parser/binding-linux-x64-gnu': 0.97.0
      '@oxc-parser/binding-linux-x64-musl': 0.97.0
      '@oxc-parser/binding-wasm32-wasi': 0.97.0
      '@oxc-parser/binding-win32-arm64-msvc': 0.97.0
      '@oxc-parser/binding-win32-x64-msvc': 0.97.0

  prettier-plugin-curly@0.4.0(prettier@3.6.2):
    dependencies:
      prettier: 3.6.2

  prettier@3.6.2: {}

  tslib@2.8.1:
    optional: true
